
Microsoft Visual Studio Solution File, Format Version 12.00
# Visual Studio Version 16
VisualStudioVersion = 16.0.29613.14
MinimumVisualStudioVersion = 10.0.40219.1
Project("{FAE04EC0-301F-11D3-BF4B-00C04F79EFBC}") = "PartyInvites", "PartyInvites\PartyInvites.csproj", "{4AEF487B-7E5C-45F6-969F-D8F37F39020C}"
EndProject
Global
	GlobalSection(SolutionConfigurationPlatforms) = preSolution
		Debug|Any CPU = Debug|Any CPU
		Release|Any CPU = Release|Any CPU
	EndGlobalSection
	GlobalSection(ProjectConfigurationPlatforms) = postSolution
		{4AEF487B-7E5C-45F6-969F-D8F37F39020C}.Debug|Any CPU.ActiveCfg = Debug|Any CPU
		{4AEF487B-7E5C-45F6-969F-D8F37F39020C}.Debug|Any CPU.Build.0 = Debug|Any CPU
		{4AEF487B-7E5C-45F6-969F-D8F37F39020C}.Release|Any CPU.ActiveCfg = Release|Any CPU
		{4AEF487B-7E5C-45F6-969F-D8F37F39020C}.Release|Any CPU.Build.0 = Release|Any CPU
	EndGlobalSection
	GlobalSection(SolutionProperties) = preSolution
		HideSolutionNode = FALSE
	EndGlobalSection
	GlobalSection(ExtensibilityGlobals) = postSolution
		SolutionGuid = {F6EA0936-3D46-464D-81AF-1A87A0C65310}
	EndGlobalSection
EndGlobal
